
Microsoft Visual Studio Solution File, Format Version 12.00
# Visual Studio Version 17
VisualStudioVersion = 17.13.35919.96 d17.13
MinimumVisualStudioVersion = 10.0.40219.1
Project("{FAE04EC0-301F-11D3-BF4B-00C04F79EFBC}") = "E6-lourd", "E6-lourd.csproj", "{2CB1AB4B-378A-4672-90EC-D28F3BDD5C7E}"
EndProject
Global
	GlobalSection(SolutionConfigurationPlatforms) = preSolution
		Debug|Any CPU = Debug|Any CPU
		Release|Any CPU = Release|Any CPU
	EndGlobalSection
	GlobalSection(ProjectConfigurationPlatforms) = postSolution
		{2CB1AB4B-378A-4672-90EC-D28F3BDD5C7E}.Debug|Any CPU.ActiveCfg = Debug|Any CPU
		{2CB1AB4B-378A-4672-90EC-D28F3BDD5C7E}.Debug|Any CPU.Build.0 = Debug|Any CPU
		{2CB1AB4B-378A-4672-90EC-D28F3BDD5C7E}.Release|Any CPU.ActiveCfg = Release|Any CPU
		{2CB1AB4B-378A-4672-90EC-D28F3BDD5C7E}.Release|Any CPU.Build.0 = Release|Any CPU
	EndGlobalSection
	GlobalSection(SolutionProperties) = preSolution
		HideSolutionNode = FALSE
	EndGlobalSection
	GlobalSection(ExtensibilityGlobals) = postSolution
		SolutionGuid = {59B23442-A769-45CA-B680-8DF454E3064E}
	EndGlobalSection
EndGlobal
